
Microsoft Visual Studio Solution File, Format Version 12.00
# Visual Studio Version 17
VisualStudioVersion = 17.2.32616.157
MinimumVisualStudioVersion = 10.0.40219.1
Project("{FAE04EC0-301F-11D3-BF4B-00C04F79EFBC}") = "Script", "Script\Script.csproj", "{2D1194E1-2AA9-46EC-86F4-321E02DA3C5B}"
EndProject
Project("{FAE04EC0-301F-11D3-BF4B-00C04F79EFBC}") = "Script.Data", "Script.Data\Script.Data.csproj", "{CC1DD02C-33F3-4F3B-A590-241BE63205CE}"
EndProject
Global
	GlobalSection(SolutionConfigurationPlatforms) = preSolution
		Debug|Any CPU = Debug|Any CPU
		Release|Any CPU = Release|Any CPU
	EndGlobalSection
	GlobalSection(ProjectConfigurationPlatforms) = postSolution
		{2D1194E1-2AA9-46EC-86F4-321E02DA3C5B}.Debug|Any CPU.ActiveCfg = Debug|Any CPU
		{2D1194E1-2AA9-46EC-86F4-321E02DA3C5B}.Debug|Any CPU.Build.0 = Debug|Any CPU
		{2D1194E1-2AA9-46EC-86F4-321E02DA3C5B}.Release|Any CPU.ActiveCfg = Release|Any CPU
		{2D1194E1-2AA9-46EC-86F4-321E02DA3C5B}.Release|Any CPU.Build.0 = Release|Any CPU
		{CC1DD02C-33F3-4F3B-A590-241BE63205CE}.Debug|Any CPU.ActiveCfg = Debug|Any CPU
		{CC1DD02C-33F3-4F3B-A590-241BE63205CE}.Debug|Any CPU.Build.0 = Debug|Any CPU
		{CC1DD02C-33F3-4F3B-A590-241BE63205CE}.Release|Any CPU.ActiveCfg = Release|Any CPU
		{CC1DD02C-33F3-4F3B-A590-241BE63205CE}.Release|Any CPU.Build.0 = Release|Any CPU
	EndGlobalSection
	GlobalSection(SolutionProperties) = preSolution
		HideSolutionNode = FALSE
	EndGlobalSection
	GlobalSection(ExtensibilityGlobals) = postSolution
		SolutionGuid = {95D04062-3016-4DD3-BA5D-85A329F62BF6}
	EndGlobalSection
EndGlobal
